
Microsoft Visual Studio Solution File, Format Version 12.00
# Visual Studio 2013
VisualStudioVersion = 12.0.31101.0
MinimumVisualStudioVersion = 10.0.40219.1
Project("{FAE04EC0-301F-11D3-BF4B-00C04F79EFBC}") = "PickleStudio", "PickleStudio\PickleStudio.csproj", "{AF5914B7-17C3-45AC-9907-3731B15BE96D}"
EndProject
Project("{2150E333-8FDC-42A3-9474-1A3956D46DE8}") = ".nuget", ".nuget", "{26303032-9C59-4509-A1CD-90D384B964B3}"
EndProject
Project("{FAE04EC0-301F-11D3-BF4B-00C04F79EFBC}") = "PickleStudio.Core", "PickleStudio.Core\PickleStudio.Core.csproj", "{5EE95F08-CC0A-4F15-8B1E-5D1F9DA03804}"
EndProject
Project("{2150E333-8FDC-42A3-9474-1A3956D46DE8}") = "Tests", "Tests", "{B4418E76-34EC-4D19-9C49-C267B62C1404}"
EndProject
Project("{FAE04EC0-301F-11D3-BF4B-00C04F79EFBC}") = "PickleStudio.UnitTests", "PickleStudio.UnitTests\PickleStudio.UnitTests.csproj", "{E24C81EA-FD36-4EE5-AFCE-003A29E4513B}"
EndProject
Project("{FAE04EC0-301F-11D3-BF4B-00C04F79EFBC}") = "PickleStudio.UiTests", "PickleStudio.UiTests\PickleStudio.UiTests.csproj", "{B5A8EFCD-F5A6-480D-AEF7-25D227F1CE0C}"
EndProject
Global
	GlobalSection(SolutionConfigurationPlatforms) = preSolution
		Debug|Any CPU = Debug|Any CPU
		Release|Any CPU = Release|Any CPU
	EndGlobalSection
	GlobalSection(ProjectConfigurationPlatforms) = postSolution
		{AF5914B7-17C3-45AC-9907-3731B15BE96D}.Debug|Any CPU.ActiveCfg = Debug|Any CPU
		{AF5914B7-17C3-45AC-9907-3731B15BE96D}.Debug|Any CPU.Build.0 = Debug|Any CPU
		{AF5914B7-17C3-45AC-9907-3731B15BE96D}.Release|Any CPU.ActiveCfg = Release|Any CPU
		{AF5914B7-17C3-45AC-9907-3731B15BE96D}.Release|Any CPU.Build.0 = Release|Any CPU
		{5EE95F08-CC0A-4F15-8B1E-5D1F9DA03804}.Debug|Any CPU.ActiveCfg = Debug|Any CPU
		{5EE95F08-CC0A-4F15-8B1E-5D1F9DA03804}.Debug|Any CPU.Build.0 = Debug|Any CPU
		{5EE95F08-CC0A-4F15-8B1E-5D1F9DA03804}.Release|Any CPU.ActiveCfg = Release|Any CPU
		{5EE95F08-CC0A-4F15-8B1E-5D1F9DA03804}.Release|Any CPU.Build.0 = Release|Any CPU
		{E24C81EA-FD36-4EE5-AFCE-003A29E4513B}.Debug|Any CPU.ActiveCfg = Debug|Any CPU
		{E24C81EA-FD36-4EE5-AFCE-003A29E4513B}.Debug|Any CPU.Build.0 = Debug|Any CPU
		{E24C81EA-FD36-4EE5-AFCE-003A29E4513B}.Release|Any CPU.ActiveCfg = Release|Any CPU
		{E24C81EA-FD36-4EE5-AFCE-003A29E4513B}.Release|Any CPU.Build.0 = Release|Any CPU
		{B5A8EFCD-F5A6-480D-AEF7-25D227F1CE0C}.Debug|Any CPU.ActiveCfg = Debug|Any CPU
		{B5A8EFCD-F5A6-480D-AEF7-25D227F1CE0C}.Debug|Any CPU.Build.0 = Debug|Any CPU
		{B5A8EFCD-F5A6-480D-AEF7-25D227F1CE0C}.Release|Any CPU.ActiveCfg = Release|Any CPU
		{B5A8EFCD-F5A6-480D-AEF7-25D227F1CE0C}.Release|Any CPU.Build.0 = Release|Any CPU
	EndGlobalSection
	GlobalSection(SolutionProperties) = preSolution
		HideSolutionNode = FALSE
	EndGlobalSection
	GlobalSection(NestedProjects) = preSolution
		{E24C81EA-FD36-4EE5-AFCE-003A29E4513B} = {B4418E76-34EC-4D19-9C49-C267B62C1404}
		{B5A8EFCD-F5A6-480D-AEF7-25D227F1CE0C} = {B4418E76-34EC-4D19-9C49-C267B62C1404}
	EndGlobalSection
EndGlobal
